// !$*UTF8*$!
{
	archiveVersion = 1;
	classes = {
	};
	objectVersion = 56;
	objects = {

/* Begin PBXBuildFile section */
		05284E452A0A87CD00FAC786 /* Tung tung.m4a in Resources */ = {isa = PBXBuildFile; fileRef = 05284E442A0A87CD00FAC786 /* Tung tung.m4a */; };
		05284E462A0A87CD00FAC786 /* Tung tung.m4a in Resources */ = {isa = PBXBuildFile; fileRef = 05284E442A0A87CD00FAC786 /* Tung tung.m4a */; };
		05284E472A0A87CD00FAC786 /* Tung tung.m4a in Resources */ = {isa = PBXBuildFile; fileRef = 05284E442A0A87CD00FAC786 /* Tung tung.m4a */; };
		058679352A8BC13500B96952 /* DonutView.swift in Sources */ = {isa = PBXBuildFile; fileRef = 058679342A8BC13500B96952 /* DonutView.swift */; };
		05E4B10D2A8C758A0021CFB5 /* SubtractionStepView.swift in Sources */ = {isa = PBXBuildFile; fileRef = 05E4B10C2A8C758A0021CFB5 /* SubtractionStepView.swift */; };
		05E4B10F2A8C77A20021CFB5 /* AdditionStepView.swift in Sources */ = {isa = PBXBuildFile; fileRef = 05E4B10E2A8C77A20021CFB5 /* AdditionStepView.swift */; };
		05E4B1112A8C7B500021CFB5 /* ExampleView.swift in Sources */ = {isa = PBXBuildFile; fileRef = 05E4B1102A8C7B500021CFB5 /* ExampleView.swift */; };
		05FE36882A87C96000C2D901 /* MathViewModel.swift in Sources */ = {isa = PBXBuildFile; fileRef = 05FE36872A87C96000C2D901 /* MathViewModel.swift */; };
		05FE368A2A87D20100C2D901 /* NavigationButton.swift in Sources */ = {isa = PBXBuildFile; fileRef = 05FE36892A87D20100C2D901 /* NavigationButton.swift */; };
		05FE368C2A87D23600C2D901 /* AdditionQuestionWidget.swift in Sources */ = {isa = PBXBuildFile; fileRef = 05FE368B2A87D23600C2D901 /* AdditionQuestionWidget.swift */; };
		05FE368E2A87D25E00C2D901 /* AdditionAnswerWidget.swift in Sources */ = {isa = PBXBuildFile; fileRef = 05FE368D2A87D25E00C2D901 /* AdditionAnswerWidget.swift */; };
		05FE36902A87D2A700C2D901 /* TeacherView.swift in Sources */ = {isa = PBXBuildFile; fileRef = 05FE368F2A87D2A700C2D901 /* TeacherView.swift */; };
		05FE36922A87D47F00C2D901 /* SubtractionQuestionWidget.swift in Sources */ = {isa = PBXBuildFile; fileRef = 05FE36912A87D47F00C2D901 /* SubtractionQuestionWidget.swift */; };
		05FE36942A87D84E00C2D901 /* SubtractionAnswerWidget.swift in Sources */ = {isa = PBXBuildFile; fileRef = 05FE36932A87D84D00C2D901 /* SubtractionAnswerWidget.swift */; };
		DE01995529DDDC2B0004EFBD /* Poppins-Bold.ttf in Resources */ = {isa = PBXBuildFile; fileRef = DE01995429DDDC2B0004EFBD /* Poppins-Bold.ttf */; };
		DE049B4229EDC23200F03D2B /* 2.m4a in Resources */ = {isa = PBXBuildFile; fileRef = DE049B2729EDC23100F03D2B /* 2.m4a */; };
		DE049B4329EDC23200F03D2B /* ingatMinus.m4a in Resources */ = {isa = PBXBuildFile; fileRef = DE049B2829EDC23100F03D2B /* ingatMinus.m4a */; };
		DE049B4429EDC23200F03D2B /* 3.m4a in Resources */ = {isa = PBXBuildFile; fileRef = DE049B2929EDC23200F03D2B /* 3.m4a */; };
		DE049B4529EDC23200F03D2B /* 3t.m4a in Resources */ = {isa = PBXBuildFile; fileRef = DE049B2A29EDC23200F03D2B /* 3t.m4a */; };
		DE049B4629EDC23200F03D2B /* Jadi.m4a in Resources */ = {isa = PBXBuildFile; fileRef = DE049B2B29EDC23200F03D2B /* Jadi.m4a */; };
		DE049B4729EDC23200F03D2B /* Dikurang.m4a in Resources */ = {isa = PBXBuildFile; fileRef = DE049B2C29EDC23200F03D2B /* Dikurang.m4a */; };
		DE049B4829EDC23200F03D2B /* 5.m4a in Resources */ = {isa = PBXBuildFile; fileRef = DE049B2D29EDC23200F03D2B /* 5.m4a */; };
		DE049B4929EDC23200F03D2B /* 7t.m4a in Resources */ = {isa = PBXBuildFile; fileRef = DE049B2E29EDC23200F03D2B /* 7t.m4a */; };
		DE049B4A29EDC23200F03D2B /* 6t.m4a in Resources */ = {isa = PBXBuildFile; fileRef = DE049B2F29EDC23200F03D2B /* 6t.m4a */; };
		DE049B4B29EDC23200F03D2B /* Ditambah.m4a in Resources */ = {isa = PBXBuildFile; fileRef = DE049B3029EDC23200F03D2B /* Ditambah.m4a */; };
		DE049B4C29EDC23200F03D2B /* 4.m4a in Resources */ = {isa = PBXBuildFile; fileRef = DE049B3129EDC23200F03D2B /* 4.m4a */; };
		DE049B4D29EDC23200F03D2B /* 7.m4a in Resources */ = {isa = PBXBuildFile; fileRef = DE049B3229EDC23200F03D2B /* 7.m4a */; };
		DE049B4E29EDC23200F03D2B /* 9t.m4a in Resources */ = {isa = PBXBuildFile; fileRef = DE049B3329EDC23200F03D2B /* 9t.m4a */; };
		DE049B4F29EDC23200F03D2B /* 1t.m4a in Resources */ = {isa = PBXBuildFile; fileRef = DE049B3429EDC23200F03D2B /* 1t.m4a */; };
		DE049B5029EDC23200F03D2B /* 6.m4a in Resources */ = {isa = PBXBuildFile; fileRef = DE049B3529EDC23200F03D2B /* 6.m4a */; };
		DE049B5129EDC23200F03D2B /* mariKitaHitungBersama.m4a in Resources */ = {isa = PBXBuildFile; fileRef = DE049B3629EDC23200F03D2B /* mariKitaHitungBersama.m4a */; };
		DE049B5229EDC23200F03D2B /* 4t.m4a in Resources */ = {isa = PBXBuildFile; fileRef = DE049B3729EDC23200F03D2B /* 4t.m4a */; };
		DE049B5329EDC23200F03D2B /* 9.m4a in Resources */ = {isa = PBXBuildFile; fileRef = DE049B3829EDC23200F03D2B /* 9.m4a */; };
		DE049B5429EDC23200F03D2B /* 8.m4a in Resources */ = {isa = PBXBuildFile; fileRef = DE049B3929EDC23200F03D2B /* 8.m4a */; };
		DE049B5529EDC23200F03D2B /* nahPlus.m4a in Resources */ = {isa = PBXBuildFile; fileRef = DE049B3A29EDC23200F03D2B /* nahPlus.m4a */; };
		DE049B5629EDC23200F03D2B /* 5t.m4a in Resources */ = {isa = PBXBuildFile; fileRef = DE049B3B29EDC23200F03D2B /* 5t.m4a */; };
		DE049B5729EDC23200F03D2B /* nahMinus.m4a in Resources */ = {isa = PBXBuildFile; fileRef = DE049B3C29EDC23200F03D2B /* nahMinus.m4a */; };
		DE049B5829EDC23200F03D2B /* samaDengan.m4a in Resources */ = {isa = PBXBuildFile; fileRef = DE049B3D29EDC23200F03D2B /* samaDengan.m4a */; };
		DE049B5929EDC23200F03D2B /* 8t.m4a in Resources */ = {isa = PBXBuildFile; fileRef = DE049B3E29EDC23200F03D2B /* 8t.m4a */; };
		DE049B5A29EDC23200F03D2B /* 1.m4a in Resources */ = {isa = PBXBuildFile; fileRef = DE049B3F29EDC23200F03D2B /* 1.m4a */; };
		DE049B5B29EDC23200F03D2B /* 2t.m4a in Resources */ = {isa = PBXBuildFile; fileRef = DE049B4029EDC23200F03D2B /* 2t.m4a */; };
		DE049B5C29EDC23200F03D2B /* ingatPlus.m4a in Resources */ = {isa = PBXBuildFile; fileRef = DE049B4129EDC23200F03D2B /* ingatPlus.m4a */; };
		DE1D928329DD1FFD006A834B /* LivesView.swift in Sources */ = {isa = PBXBuildFile; fileRef = DE1D928229DD1FFD006A834B /* LivesView.swift */; };
		DE1D928529DD3C4A006A834B /* SubtractionExplanationView.swift in Sources */ = {isa = PBXBuildFile; fileRef = DE1D928429DD3C4A006A834B /* SubtractionExplanationView.swift */; };
		DE2626FE29D8BBB800646504 /* SoundViewModel.swift in Sources */ = {isa = PBXBuildFile; fileRef = DE2626FD29D8BBB800646504 /* SoundViewModel.swift */; };
		DE3A35FD29E90966002F5F0E /* Tung2-Regular.ttf in Resources */ = {isa = PBXBuildFile; fileRef = DE3A35FC29E90966002F5F0E /* Tung2-Regular.ttf */; };
		DE585DD729D6B49E007C966C /* WrongAnswer.swift in Sources */ = {isa = PBXBuildFile; fileRef = DE585DD629D6B49E007C966C /* WrongAnswer.swift */; };
		DE585DD929D6B79A007C966C /* CorrectAnswer.swift in Sources */ = {isa = PBXBuildFile; fileRef = DE585DD829D6B79A007C966C /* CorrectAnswer.swift */; };
		DE5BF59329E4FAF700FF3BC1 /* sound.m4a in Resources */ = {isa = PBXBuildFile; fileRef = DE5BF59229E4FAF700FF3BC1 /* sound.m4a */; };
		DECF5CE729C2D243004321EB /* TungTung.swift in Sources */ = {isa = PBXBuildFile; fileRef = DECF5CE629C2D243004321EB /* TungTung.swift */; };
		DECF5CEB29C2D244004321EB /* Assets.xcassets in Resources */ = {isa = PBXBuildFile; fileRef = DECF5CEA29C2D244004321EB /* Assets.xcassets */; };
		DECF5CEE29C2D244004321EB /* Preview Assets.xcassets in Resources */ = {isa = PBXBuildFile; fileRef = DECF5CED29C2D244004321EB /* Preview Assets.xcassets */; };
		DECF5CF829C2D244004321EB /* TungTungTests.swift in Sources */ = {isa = PBXBuildFile; fileRef = DECF5CF729C2D244004321EB /* TungTungTests.swift */; };
		DECF5D0229C2D244004321EB /* TungTungUITests.swift in Sources */ = {isa = PBXBuildFile; fileRef = DECF5D0129C2D244004321EB /* TungTungUITests.swift */; };
		DECF5D0429C2D244004321EB /* TungTungUITestsLaunchTests.swift in Sources */ = {isa = PBXBuildFile; fileRef = DECF5D0329C2D244004321EB /* TungTungUITestsLaunchTests.swift */; };
		DECF5D1929C2D31A004321EB /* LaunchScreen.swift in Sources */ = {isa = PBXBuildFile; fileRef = DECF5D1829C2D31A004321EB /* LaunchScreen.swift */; };
		DECF5D1C29C2D329004321EB /* HomeView.swift in Sources */ = {isa = PBXBuildFile; fileRef = DECF5D1B29C2D329004321EB /* HomeView.swift */; };
		DECF5D1F29C2D36B004321EB /* color.swift in Sources */ = {isa = PBXBuildFile; fileRef = DECF5D1E29C2D36B004321EB /* color.swift */; };
		DECF5D2129C2D378004321EB /* textStyle.swift in Sources */ = {isa = PBXBuildFile; fileRef = DECF5D2029C2D378004321EB /* textStyle.swift */; };
		DECF5D2629C2D3CB004321EB /* AdditionQuestionView.swift in Sources */ = {isa = PBXBuildFile; fileRef = DECF5D2529C2D3CB004321EB /* AdditionQuestionView.swift */; };
		DECF5D2929C2D3DB004321EB /* SubtractionQuestionView.swift in Sources */ = {isa = PBXBuildFile; fileRef = DECF5D2829C2D3DB004321EB /* SubtractionQuestionView.swift */; };
		DECF5D3129D1563A004321EB /* AdditionExplanationView.swift in Sources */ = {isa = PBXBuildFile; fileRef = DECF5D3029D1563A004321EB /* AdditionExplanationView.swift */; };
		DECFE21A29D5D7D500AB1878 /* AnswerButton.swift in Sources */ = {isa = PBXBuildFile; fileRef = DECFE21929D5D7D500AB1878 /* AnswerButton.swift */; };
		DEFCED0729DE5D2900C06665 /* ScoreBoard.swift in Sources */ = {isa = PBXBuildFile; fileRef = DEFCED0629DE5D2900C06665 /* ScoreBoard.swift */; };
/* End PBXBuildFile section */

/* Begin PBXContainerItemProxy section */
		DECF5CF429C2D244004321EB /* PBXContainerItemProxy */ = {
			isa = PBXContainerItemProxy;
			containerPortal = DECF5CDB29C2D243004321EB /* Project object */;
			proxyType = 1;
			remoteGlobalIDString = DECF5CE229C2D243004321EB;
			remoteInfo = mcOne;
		};
		DECF5CFE29C2D244004321EB /* PBXContainerItemProxy */ = {
			isa = PBXContainerItemProxy;
			containerPortal = DECF5CDB29C2D243004321EB /* Project object */;
			proxyType = 1;
			remoteGlobalIDString = DECF5CE229C2D243004321EB;
			remoteInfo = mcOne;
		};
/* End PBXContainerItemProxy section */

/* Begin PBXFileReference section */
		05284E442A0A87CD00FAC786 /* Tung tung.m4a */ = {isa = PBXFileReference; lastKnownFileType = file; path = "Tung tung.m4a"; sourceTree = "<group>"; };
		058679342A8BC13500B96952 /* DonutView.swift */ = {isa = PBXFileReference; lastKnownFileType = sourcecode.swift; path = DonutView.swift; sourceTree = "<group>"; };
		05E4B10C2A8C758A0021CFB5 /* SubtractionStepView.swift */ = {isa = PBXFileReference; lastKnownFileType = sourcecode.swift; path = SubtractionStepView.swift; sourceTree = "<group>"; };
		05E4B10E2A8C77A20021CFB5 /* AdditionStepView.swift */ = {isa = PBXFileReference; lastKnownFileType = sourcecode.swift; path = AdditionStepView.swift; sourceTree = "<group>"; };
		05E4B1102A8C7B500021CFB5 /* ExampleView.swift */ = {isa = PBXFileReference; lastKnownFileType = sourcecode.swift; path = ExampleView.swift; sourceTree = "<group>"; };
		05FE36872A87C96000C2D901 /* MathViewModel.swift */ = {isa = PBXFileReference; lastKnownFileType = sourcecode.swift; path = MathViewModel.swift; sourceTree = "<group>"; };
		05FE36892A87D20100C2D901 /* NavigationButton.swift */ = {isa = PBXFileReference; lastKnownFileType = sourcecode.swift; path = NavigationButton.swift; sourceTree = "<group>"; };
		05FE368B2A87D23600C2D901 /* AdditionQuestionWidget.swift */ = {isa = PBXFileReference; lastKnownFileType = sourcecode.swift; path = AdditionQuestionWidget.swift; sourceTree = "<group>"; };
		05FE368D2A87D25E00C2D901 /* AdditionAnswerWidget.swift */ = {isa = PBXFileReference; lastKnownFileType = sourcecode.swift; path = AdditionAnswerWidget.swift; sourceTree = "<group>"; };
		05FE368F2A87D2A700C2D901 /* TeacherView.swift */ = {isa = PBXFileReference; lastKnownFileType = sourcecode.swift; path = TeacherView.swift; sourceTree = "<group>"; };
		05FE36912A87D47F00C2D901 /* SubtractionQuestionWidget.swift */ = {isa = PBXFileReference; lastKnownFileType = sourcecode.swift; path = SubtractionQuestionWidget.swift; sourceTree = "<group>"; };
		05FE36932A87D84D00C2D901 /* SubtractionAnswerWidget.swift */ = {isa = PBXFileReference; lastKnownFileType = sourcecode.swift; path = SubtractionAnswerWidget.swift; sourceTree = "<group>"; };
		DE01995429DDDC2B0004EFBD /* Poppins-Bold.ttf */ = {isa = PBXFileReference; lastKnownFileType = file; path = "Poppins-Bold.ttf"; sourceTree = "<group>"; };
		DE049B2729EDC23100F03D2B /* 2.m4a */ = {isa = PBXFileReference; lastKnownFileType = file; path = 2.m4a; sourceTree = "<group>"; };
		DE049B2829EDC23100F03D2B /* ingatMinus.m4a */ = {isa = PBXFileReference; lastKnownFileType = file; path = ingatMinus.m4a; sourceTree = "<group>"; };
		DE049B2929EDC23200F03D2B /* 3.m4a */ = {isa = PBXFileReference; lastKnownFileType = file; path = 3.m4a; sourceTree = "<group>"; };
		DE049B2A29EDC23200F03D2B /* 3t.m4a */ = {isa = PBXFileReference; lastKnownFileType = file; path = 3t.m4a; sourceTree = "<group>"; };
		DE049B2B29EDC23200F03D2B /* Jadi.m4a */ = {isa = PBXFileReference; lastKnownFileType = file; path = Jadi.m4a; sourceTree = "<group>"; };
		DE049B2C29EDC23200F03D2B /* Dikurang.m4a */ = {isa = PBXFileReference; lastKnownFileType = file; path = Dikurang.m4a; sourceTree = "<group>"; };
		DE049B2D29EDC23200F03D2B /* 5.m4a */ = {isa = PBXFileReference; lastKnownFileType = file; path = 5.m4a; sourceTree = "<group>"; };
		DE049B2E29EDC23200F03D2B /* 7t.m4a */ = {isa = PBXFileReference; lastKnownFileType = file; path = 7t.m4a; sourceTree = "<group>"; };
		DE049B2F29EDC23200F03D2B /* 6t.m4a */ = {isa = PBXFileReference; lastKnownFileType = file; path = 6t.m4a; sourceTree = "<group>"; };
		DE049B3029EDC23200F03D2B /* Ditambah.m4a */ = {isa = PBXFileReference; lastKnownFileType = file; path = Ditambah.m4a; sourceTree = "<group>"; };
		DE049B3129EDC23200F03D2B /* 4.m4a */ = {isa = PBXFileReference; lastKnownFileType = file; path = 4.m4a; sourceTree = "<group>"; };
		DE049B3229EDC23200F03D2B /* 7.m4a */ = {isa = PBXFileReference; lastKnownFileType = file; path = 7.m4a; sourceTree = "<group>"; };
		DE049B3329EDC23200F03D2B /* 9t.m4a */ = {isa = PBXFileReference; lastKnownFileType = file; path = 9t.m4a; sourceTree = "<group>"; };
		DE049B3429EDC23200F03D2B /* 1t.m4a */ = {isa = PBXFileReference; lastKnownFileType = file; path = 1t.m4a; sourceTree = "<group>"; };
		DE049B3529EDC23200F03D2B /* 6.m4a */ = {isa = PBXFileReference; lastKnownFileType = file; path = 6.m4a; sourceTree = "<group>"; };
		DE049B3629EDC23200F03D2B /* mariKitaHitungBersama.m4a */ = {isa = PBXFileReference; lastKnownFileType = file; path = mariKitaHitungBersama.m4a; sourceTree = "<group>"; };
		DE049B3729EDC23200F03D2B /* 4t.m4a */ = {isa = PBXFileReference; lastKnownFileType = file; path = 4t.m4a; sourceTree = "<group>"; };
		DE049B3829EDC23200F03D2B /* 9.m4a */ = {isa = PBXFileReference; lastKnownFileType = file; path = 9.m4a; sourceTree = "<group>"; };
		DE049B3929EDC23200F03D2B /* 8.m4a */ = {isa = PBXFileReference; lastKnownFileType = file; path = 8.m4a; sourceTree = "<group>"; };
		DE049B3A29EDC23200F03D2B /* nahPlus.m4a */ = {isa = PBXFileReference; lastKnownFileType = file; path = nahPlus.m4a; sourceTree = "<group>"; };
		DE049B3B29EDC23200F03D2B /* 5t.m4a */ = {isa = PBXFileReference; lastKnownFileType = file; path = 5t.m4a; sourceTree = "<group>"; };
		DE049B3C29EDC23200F03D2B /* nahMinus.m4a */ = {isa = PBXFileReference; lastKnownFileType = file; path = nahMinus.m4a; sourceTree = "<group>"; };
		DE049B3D29EDC23200F03D2B /* samaDengan.m4a */ = {isa = PBXFileReference; lastKnownFileType = file; path = samaDengan.m4a; sourceTree = "<group>"; };
		DE049B3E29EDC23200F03D2B /* 8t.m4a */ = {isa = PBXFileReference; lastKnownFileType = file; path = 8t.m4a; sourceTree = "<group>"; };
		DE049B3F29EDC23200F03D2B /* 1.m4a */ = {isa = PBXFileReference; lastKnownFileType = file; path = 1.m4a; sourceTree = "<group>"; };
		DE049B4029EDC23200F03D2B /* 2t.m4a */ = {isa = PBXFileReference; lastKnownFileType = file; path = 2t.m4a; sourceTree = "<group>"; };
		DE049B4129EDC23200F03D2B /* ingatPlus.m4a */ = {isa = PBXFileReference; lastKnownFileType = file; path = ingatPlus.m4a; sourceTree = "<group>"; };
		DE1D928229DD1FFD006A834B /* LivesView.swift */ = {isa = PBXFileReference; lastKnownFileType = sourcecode.swift; path = LivesView.swift; sourceTree = "<group>"; };
		DE1D928429DD3C4A006A834B /* SubtractionExplanationView.swift */ = {isa = PBXFileReference; lastKnownFileType = sourcecode.swift; path = SubtractionExplanationView.swift; sourceTree = "<group>"; };
		DE2626FD29D8BBB800646504 /* SoundViewModel.swift */ = {isa = PBXFileReference; lastKnownFileType = sourcecode.swift; path = SoundViewModel.swift; sourceTree = "<group>"; };
		DE3A35FC29E90966002F5F0E /* Tung2-Regular.ttf */ = {isa = PBXFileReference; lastKnownFileType = file; path = "Tung2-Regular.ttf"; sourceTree = "<group>"; };
		DE585DD629D6B49E007C966C /* WrongAnswer.swift */ = {isa = PBXFileReference; lastKnownFileType = sourcecode.swift; path = WrongAnswer.swift; sourceTree = "<group>"; };
		DE585DD829D6B79A007C966C /* CorrectAnswer.swift */ = {isa = PBXFileReference; lastKnownFileType = sourcecode.swift; path = CorrectAnswer.swift; sourceTree = "<group>"; };
		DE5BF59229E4FAF700FF3BC1 /* sound.m4a */ = {isa = PBXFileReference; lastKnownFileType = file; path = sound.m4a; sourceTree = "<group>"; };
		DECF5CE329C2D243004321EB /* mcOne.app */ = {isa = PBXFileReference; explicitFileType = wrapper.application; includeInIndex = 0; path = mcOne.app; sourceTree = BUILT_PRODUCTS_DIR; };
		DECF5CE629C2D243004321EB /* TungTung.swift */ = {isa = PBXFileReference; lastKnownFileType = sourcecode.swift; path = TungTung.swift; sourceTree = "<group>"; };
		DECF5CEA29C2D244004321EB /* Assets.xcassets */ = {isa = PBXFileReference; lastKnownFileType = folder.assetcatalog; path = Assets.xcassets; sourceTree = "<group>"; };
		DECF5CED29C2D244004321EB /* Preview Assets.xcassets */ = {isa = PBXFileReference; lastKnownFileType = folder.assetcatalog; path = "Preview Assets.xcassets"; sourceTree = "<group>"; };
		DECF5CF329C2D244004321EB /* mcOneTests.xctest */ = {isa = PBXFileReference; explicitFileType = wrapper.cfbundle; includeInIndex = 0; path = mcOneTests.xctest; sourceTree = BUILT_PRODUCTS_DIR; };
		DECF5CF729C2D244004321EB /* TungTungTests.swift */ = {isa = PBXFileReference; lastKnownFileType = sourcecode.swift; path = TungTungTests.swift; sourceTree = "<group>"; };
		DECF5CFD29C2D244004321EB /* mcOneUITests.xctest */ = {isa = PBXFileReference; explicitFileType = wrapper.cfbundle; includeInIndex = 0; path = mcOneUITests.xctest; sourceTree = BUILT_PRODUCTS_DIR; };
		DECF5D0129C2D244004321EB /* TungTungUITests.swift */ = {isa = PBXFileReference; lastKnownFileType = sourcecode.swift; path = TungTungUITests.swift; sourceTree = "<group>"; };
		DECF5D0329C2D244004321EB /* TungTungUITestsLaunchTests.swift */ = {isa = PBXFileReference; lastKnownFileType = sourcecode.swift; path = TungTungUITestsLaunchTests.swift; sourceTree = "<group>"; };
		DECF5D1829C2D31A004321EB /* LaunchScreen.swift */ = {isa = PBXFileReference; lastKnownFileType = sourcecode.swift; path = LaunchScreen.swift; sourceTree = "<group>"; };
		DECF5D1B29C2D329004321EB /* HomeView.swift */ = {isa = PBXFileReference; lastKnownFileType = sourcecode.swift; path = HomeView.swift; sourceTree = "<group>"; };
		DECF5D1E29C2D36B004321EB /* color.swift */ = {isa = PBXFileReference; lastKnownFileType = sourcecode.swift; path = color.swift; sourceTree = "<group>"; };
		DECF5D2029C2D378004321EB /* textStyle.swift */ = {isa = PBXFileReference; lastKnownFileType = sourcecode.swift; path = textStyle.swift; sourceTree = "<group>"; };
		DECF5D2529C2D3CB004321EB /* AdditionQuestionView.swift */ = {isa = PBXFileReference; lastKnownFileType = sourcecode.swift; path = AdditionQuestionView.swift; sourceTree = "<group>"; };
		DECF5D2829C2D3DB004321EB /* SubtractionQuestionView.swift */ = {isa = PBXFileReference; lastKnownFileType = sourcecode.swift; path = SubtractionQuestionView.swift; sourceTree = "<group>"; };
		DECF5D3029D1563A004321EB /* AdditionExplanationView.swift */ = {isa = PBXFileReference; lastKnownFileType = sourcecode.swift; path = AdditionExplanationView.swift; sourceTree = "<group>"; };
		DECFE21929D5D7D500AB1878 /* AnswerButton.swift */ = {isa = PBXFileReference; lastKnownFileType = sourcecode.swift; path = AnswerButton.swift; sourceTree = "<group>"; };
		DEFCED0629DE5D2900C06665 /* ScoreBoard.swift */ = {isa = PBXFileReference; lastKnownFileType = sourcecode.swift; path = ScoreBoard.swift; sourceTree = "<group>"; };
/* End PBXFileReference section */

/* Begin PBXFrameworksBuildPhase section */
		DECF5CE029C2D243004321EB /* Frameworks */ = {
			isa = PBXFrameworksBuildPhase;
			buildActionMask = 2147483647;
			files = (
			);
			runOnlyForDeploymentPostprocessing = 0;
		};
		DECF5CF029C2D244004321EB /* Frameworks */ = {
			isa = PBXFrameworksBuildPhase;
			buildActionMask = 2147483647;
			files = (
			);
			runOnlyForDeploymentPostprocessing = 0;
		};
		DECF5CFA29C2D244004321EB /* Frameworks */ = {
			isa = PBXFrameworksBuildPhase;
			buildActionMask = 2147483647;
			files = (
			);
			runOnlyForDeploymentPostprocessing = 0;
		};
/* End PBXFrameworksBuildPhase section */

/* Begin PBXGroup section */
		056AEBD02A85E00E00400845 /* View */ = {
			isa = PBXGroup;
			children = (
				0591781B2A8E403D0027B8C5 /* QuestionsView */,
				0591781A2A8E402F0027B8C5 /* StepView */,
				059178192A8E40150027B8C5 /* ExplanationView */,
				05FE36972A87D8D700C2D901 /* Components */,
				DECF5D1B29C2D329004321EB /* HomeView.swift */,
				DECF5D1829C2D31A004321EB /* LaunchScreen.swift */,
				DEFCED0629DE5D2900C06665 /* ScoreBoard.swift */,
				05E4B1102A8C7B500021CFB5 /* ExampleView.swift */,
			);
			path = View;
			sourceTree = "<group>";
		};
		056AEBD12A85E01500400845 /* ViewModel */ = {
			isa = PBXGroup;
			children = (
				DE2626FD29D8BBB800646504 /* SoundViewModel.swift */,
				05FE36872A87C96000C2D901 /* MathViewModel.swift */,
			);
			path = ViewModel;
			sourceTree = "<group>";
		};
		059178192A8E40150027B8C5 /* ExplanationView */ = {
			isa = PBXGroup;
			children = (
				DECF5D3029D1563A004321EB /* AdditionExplanationView.swift */,
				DE1D928429DD3C4A006A834B /* SubtractionExplanationView.swift */,
			);
			path = ExplanationView;
			sourceTree = "<group>";
		};
		0591781A2A8E402F0027B8C5 /* StepView */ = {
			isa = PBXGroup;
			children = (
				05E4B10C2A8C758A0021CFB5 /* SubtractionStepView.swift */,
				05E4B10E2A8C77A20021CFB5 /* AdditionStepView.swift */,
			);
			path = StepView;
			sourceTree = "<group>";
		};
		0591781B2A8E403D0027B8C5 /* QuestionsView */ = {
			isa = PBXGroup;
			children = (
				DECF5D2529C2D3CB004321EB /* AdditionQuestionView.swift */,
				DECF5D2829C2D3DB004321EB /* SubtractionQuestionView.swift */,
			);
			path = QuestionsView;
			sourceTree = "<group>";
		};
		05FE36952A87D87A00C2D901 /* AnswerWidget */ = {
			isa = PBXGroup;
			children = (
				05FE368D2A87D25E00C2D901 /* AdditionAnswerWidget.swift */,
				05FE36932A87D84D00C2D901 /* SubtractionAnswerWidget.swift */,
			);
			path = AnswerWidget;
			sourceTree = "<group>";
		};
		05FE36962A87D8B800C2D901 /* QuestionWidget */ = {
			isa = PBXGroup;
			children = (
				05FE368B2A87D23600C2D901 /* AdditionQuestionWidget.swift */,
				05FE36912A87D47F00C2D901 /* SubtractionQuestionWidget.swift */,
			);
			path = QuestionWidget;
			sourceTree = "<group>";
		};
		05FE36972A87D8D700C2D901 /* Components */ = {
			isa = PBXGroup;
			children = (
				058679342A8BC13500B96952 /* DonutView.swift */,
				05FE368F2A87D2A700C2D901 /* TeacherView.swift */,
				05FE36892A87D20100C2D901 /* NavigationButton.swift */,
				DECFE21929D5D7D500AB1878 /* AnswerButton.swift */,
				DE1D928229DD1FFD006A834B /* LivesView.swift */,
				05FE36982A87D8E500C2D901 /* PopUp */,
				05FE36962A87D8B800C2D901 /* QuestionWidget */,
				05FE36952A87D87A00C2D901 /* AnswerWidget */,
			);
			path = Components;
			sourceTree = "<group>";
		};
		05FE36982A87D8E500C2D901 /* PopUp */ = {
			isa = PBXGroup;
			children = (
				DE585DD629D6B49E007C966C /* WrongAnswer.swift */,
				DE585DD829D6B79A007C966C /* CorrectAnswer.swift */,
			);
			path = PopUp;
			sourceTree = "<group>";
		};
		DE01995329DDDC0A0004EFBD /* font */ = {
			isa = PBXGroup;
			children = (
				DE3A35FC29E90966002F5F0E /* Tung2-Regular.ttf */,
				DE01995429DDDC2B0004EFBD /* Poppins-Bold.ttf */,
			);
			path = font;
			sourceTree = "<group>";
		};
		DE2626FC29D8BBAC00646504 /* service */ = {
			isa = PBXGroup;
			children = (
				DE5BF59229E4FAF700FF3BC1 /* sound.m4a */,
				DE049B3F29EDC23200F03D2B /* 1.m4a */,
				DE049B3429EDC23200F03D2B /* 1t.m4a */,
				DE049B2729EDC23100F03D2B /* 2.m4a */,
				DE049B4029EDC23200F03D2B /* 2t.m4a */,
				DE049B2929EDC23200F03D2B /* 3.m4a */,
				DE049B2A29EDC23200F03D2B /* 3t.m4a */,
				05284E442A0A87CD00FAC786 /* Tung tung.m4a */,
				DE049B3129EDC23200F03D2B /* 4.m4a */,
				DE049B3729EDC23200F03D2B /* 4t.m4a */,
				DE049B2D29EDC23200F03D2B /* 5.m4a */,
				DE049B3B29EDC23200F03D2B /* 5t.m4a */,
				DE049B3529EDC23200F03D2B /* 6.m4a */,
				DE049B2F29EDC23200F03D2B /* 6t.m4a */,
				DE049B3229EDC23200F03D2B /* 7.m4a */,
				DE049B2E29EDC23200F03D2B /* 7t.m4a */,
				DE049B3929EDC23200F03D2B /* 8.m4a */,
				DE049B3E29EDC23200F03D2B /* 8t.m4a */,
				DE049B3829EDC23200F03D2B /* 9.m4a */,
				DE049B3329EDC23200F03D2B /* 9t.m4a */,
				DE049B2C29EDC23200F03D2B /* Dikurang.m4a */,
				DE049B3029EDC23200F03D2B /* Ditambah.m4a */,
				DE049B2829EDC23100F03D2B /* ingatMinus.m4a */,
				DE049B4129EDC23200F03D2B /* ingatPlus.m4a */,
				DE049B2B29EDC23200F03D2B /* Jadi.m4a */,
				DE049B3629EDC23200F03D2B /* mariKitaHitungBersama.m4a */,
				DE049B3C29EDC23200F03D2B /* nahMinus.m4a */,
				DE049B3A29EDC23200F03D2B /* nahPlus.m4a */,
				DE049B3D29EDC23200F03D2B /* samaDengan.m4a */,
			);
			path = service;
			sourceTree = "<group>";
		};
		DECF5CDA29C2D243004321EB = {
			isa = PBXGroup;
			children = (
				DECF5CE529C2D243004321EB /* mcOne */,
				DECF5CF629C2D244004321EB /* mcOneTests */,
				DECF5D0029C2D244004321EB /* mcOneUITests */,
				DECF5CE429C2D243004321EB /* Products */,
			);
			sourceTree = "<group>";
		};
		DECF5CE429C2D243004321EB /* Products */ = {
			isa = PBXGroup;
			children = (
				DECF5CE329C2D243004321EB /* mcOne.app */,
				DECF5CF329C2D244004321EB /* mcOneTests.xctest */,
				DECF5CFD29C2D244004321EB /* mcOneUITests.xctest */,
			);
			name = Products;
			sourceTree = "<group>";
		};
		DECF5CE529C2D243004321EB /* mcOne */ = {
			isa = PBXGroup;
			children = (
				056AEBD12A85E01500400845 /* ViewModel */,
				056AEBD02A85E00E00400845 /* View */,
				DE01995329DDDC0A0004EFBD /* font */,
				DE2626FC29D8BBAC00646504 /* service */,
				DECF5D1229C2D2C3004321EB /* consts */,
				DECF5CE629C2D243004321EB /* TungTung.swift */,
				DECF5CEA29C2D244004321EB /* Assets.xcassets */,
				DECF5CEC29C2D244004321EB /* Preview Content */,
			);
			path = mcOne;
			sourceTree = "<group>";
		};
		DECF5CEC29C2D244004321EB /* Preview Content */ = {
			isa = PBXGroup;
			children = (
				DECF5CED29C2D244004321EB /* Preview Assets.xcassets */,
			);
			path = "Preview Content";
			sourceTree = "<group>";
		};
		DECF5CF629C2D244004321EB /* mcOneTests */ = {
			isa = PBXGroup;
			children = (
				DECF5CF729C2D244004321EB /* TungTungTests.swift */,
			);
			path = mcOneTests;
			sourceTree = "<group>";
		};
		DECF5D0029C2D244004321EB /* mcOneUITests */ = {
			isa = PBXGroup;
			children = (
				DECF5D0129C2D244004321EB /* TungTungUITests.swift */,
				DECF5D0329C2D244004321EB /* TungTungUITestsLaunchTests.swift */,
			);
			path = mcOneUITests;
			sourceTree = "<group>";
		};
		DECF5D1229C2D2C3004321EB /* consts */ = {
			isa = PBXGroup;
			children = (
				DECF5D1E29C2D36B004321EB /* color.swift */,
				DECF5D2029C2D378004321EB /* textStyle.swift */,
			);
			path = consts;
			sourceTree = "<group>";
		};
/* End PBXGroup section */

/* Begin PBXNativeTarget section */
		DECF5CE229C2D243004321EB /* mcOne */ = {
			isa = PBXNativeTarget;
			buildConfigurationList = DECF5D0729C2D244004321EB /* Build configuration list for PBXNativeTarget "mcOne" */;
			buildPhases = (
				DECF5CDF29C2D243004321EB /* Sources */,
				DECF5CE029C2D243004321EB /* Frameworks */,
				DECF5CE129C2D243004321EB /* Resources */,
				0591781C2A8E41570027B8C5 /* ShellScript */,
			);
			buildRules = (
			);
			dependencies = (
			);
			name = mcOne;
			productName = mcOne;
			productReference = DECF5CE329C2D243004321EB /* mcOne.app */;
			productType = "com.apple.product-type.application";
		};
		DECF5CF229C2D244004321EB /* mcOneTests */ = {
			isa = PBXNativeTarget;
			buildConfigurationList = DECF5D0A29C2D244004321EB /* Build configuration list for PBXNativeTarget "mcOneTests" */;
			buildPhases = (
				DECF5CEF29C2D244004321EB /* Sources */,
				DECF5CF029C2D244004321EB /* Frameworks */,
				DECF5CF129C2D244004321EB /* Resources */,
			);
			buildRules = (
			);
			dependencies = (
				DECF5CF529C2D244004321EB /* PBXTargetDependency */,
			);
			name = mcOneTests;
			productName = mcOneTests;
			productReference = DECF5CF329C2D244004321EB /* mcOneTests.xctest */;
			productType = "com.apple.product-type.bundle.unit-test";
		};
		DECF5CFC29C2D244004321EB /* mcOneUITests */ = {
			isa = PBXNativeTarget;
			buildConfigurationList = DECF5D0D29C2D244004321EB /* Build configuration list for PBXNativeTarget "mcOneUITests" */;
			buildPhases = (
				DECF5CF929C2D244004321EB /* Sources */,
				DECF5CFA29C2D244004321EB /* Frameworks */,
				DECF5CFB29C2D244004321EB /* Resources */,
			);
			buildRules = (
			);
			dependencies = (
				DECF5CFF29C2D244004321EB /* PBXTargetDependency */,
			);
			name = mcOneUITests;
			productName = mcOneUITests;
			productReference = DECF5CFD29C2D244004321EB /* mcOneUITests.xctest */;
			productType = "com.apple.product-type.bundle.ui-testing";
		};
/* End PBXNativeTarget section */

/* Begin PBXProject section */
		DECF5CDB29C2D243004321EB /* Project object */ = {
			isa = PBXProject;
			attributes = {
				BuildIndependentTargetsInParallel = 1;
				LastSwiftUpdateCheck = 1420;
				LastUpgradeCheck = 1420;
				TargetAttributes = {
					DECF5CE229C2D243004321EB = {
						CreatedOnToolsVersion = 14.2;
					};
					DECF5CF229C2D244004321EB = {
						CreatedOnToolsVersion = 14.2;
						TestTargetID = DECF5CE229C2D243004321EB;
					};
					DECF5CFC29C2D244004321EB = {
						CreatedOnToolsVersion = 14.2;
						TestTargetID = DECF5CE229C2D243004321EB;
					};
				};
			};
			buildConfigurationList = DECF5CDE29C2D243004321EB /* Build configuration list for PBXProject "mcOne" */;
			compatibilityVersion = "Xcode 14.0";
			developmentRegion = en;
			hasScannedForEncodings = 0;
			knownRegions = (
				en,
				Base,
			);
			mainGroup = DECF5CDA29C2D243004321EB;
			packageReferences = (
			);
			productRefGroup = DECF5CE429C2D243004321EB /* Products */;
			projectDirPath = "";
			projectRoot = "";
			targets = (
				DECF5CE229C2D243004321EB /* mcOne */,
				DECF5CF229C2D244004321EB /* mcOneTests */,
				DECF5CFC29C2D244004321EB /* mcOneUITests */,
			);
		};
/* End PBXProject section */

/* Begin PBXResourcesBuildPhase section */
		DECF5CE129C2D243004321EB /* Resources */ = {
			isa = PBXResourcesBuildPhase;
			buildActionMask = 2147483647;
			files = (
				DE049B4929EDC23200F03D2B /* 7t.m4a in Resources */,
				DE049B4E29EDC23200F03D2B /* 9t.m4a in Resources */,
				DE049B5129EDC23200F03D2B /* mariKitaHitungBersama.m4a in Resources */,
				DE049B4429EDC23200F03D2B /* 3.m4a in Resources */,
				DE049B4B29EDC23200F03D2B /* Ditambah.m4a in Resources */,
				DE049B4A29EDC23200F03D2B /* 6t.m4a in Resources */,
				DECF5CEE29C2D244004321EB /* Preview Assets.xcassets in Resources */,
				DE049B4D29EDC23200F03D2B /* 7.m4a in Resources */,
				DE049B5929EDC23200F03D2B /* 8t.m4a in Resources */,
				DE049B5029EDC23200F03D2B /* 6.m4a in Resources */,
				DE049B5B29EDC23200F03D2B /* 2t.m4a in Resources */,
				DE5BF59329E4FAF700FF3BC1 /* sound.m4a in Resources */,
				DECF5CEB29C2D244004321EB /* Assets.xcassets in Resources */,
				DE049B5A29EDC23200F03D2B /* 1.m4a in Resources */,
				DE049B4629EDC23200F03D2B /* Jadi.m4a in Resources */,
				DE049B4529EDC23200F03D2B /* 3t.m4a in Resources */,
				DE049B5829EDC23200F03D2B /* samaDengan.m4a in Resources */,
				DE049B5629EDC23200F03D2B /* 5t.m4a in Resources */,
				DE049B4C29EDC23200F03D2B /* 4.m4a in Resources */,
				DE049B5529EDC23200F03D2B /* nahPlus.m4a in Resources */,
				DE049B5C29EDC23200F03D2B /* ingatPlus.m4a in Resources */,
				DE049B4F29EDC23200F03D2B /* 1t.m4a in Resources */,
				05284E452A0A87CD00FAC786 /* Tung tung.m4a in Resources */,
				DE049B4829EDC23200F03D2B /* 5.m4a in Resources */,
				DE049B5229EDC23200F03D2B /* 4t.m4a in Resources */,
				DE049B5729EDC23200F03D2B /* nahMinus.m4a in Resources */,
				DE049B4229EDC23200F03D2B /* 2.m4a in Resources */,
				DE3A35FD29E90966002F5F0E /* Tung2-Regular.ttf in Resources */,
				DE049B4329EDC23200F03D2B /* ingatMinus.m4a in Resources */,
				DE049B4729EDC23200F03D2B /* Dikurang.m4a in Resources */,
				DE049B5429EDC23200F03D2B /* 8.m4a in Resources */,
				DE01995529DDDC2B0004EFBD /* Poppins-Bold.ttf in Resources */,
				DE049B5329EDC23200F03D2B /* 9.m4a in Resources */,
			);
			runOnlyForDeploymentPostprocessing = 0;
		};
		DECF5CF129C2D244004321EB /* Resources */ = {
			isa = PBXResourcesBuildPhase;
			buildActionMask = 2147483647;
			files = (
				05284E462A0A87CD00FAC786 /* Tung tung.m4a in Resources */,
			);
			runOnlyForDeploymentPostprocessing = 0;
		};
		DECF5CFB29C2D244004321EB /* Resources */ = {
			isa = PBXResourcesBuildPhase;
			buildActionMask = 2147483647;
			files = (
				05284E472A0A87CD00FAC786 /* Tung tung.m4a in Resources */,
			);
			runOnlyForDeploymentPostprocessing = 0;
		};
/* End PBXResourcesBuildPhase section */

/* Begin PBXShellScriptBuildPhase section */
		0591781C2A8E41570027B8C5 /* ShellScript */ = {
			isa = PBXShellScriptBuildPhase;
			buildActionMask = 2147483647;
			files = (
			);
			inputFileListPaths = (
			);
			inputPaths = (
			);
			outputFileListPaths = (
			);
			outputPaths = (
			);
			runOnlyForDeploymentPostprocessing = 0;
			shellPath = /bin/sh;
			shellScript = "export PATH=\"/opt/homebrew/bin:$PATH\"\nif which swiftlint > /dev/null; then\n  swiftlint\nelse\n  echo \"warning: SwiftLint not installed, download from https://github.com/realm/SwiftLint\"\nfi\n";
		};
/* End PBXShellScriptBuildPhase section */

/* Begin PBXSourcesBuildPhase section */
		DECF5CDF29C2D243004321EB /* Sources */ = {
			isa = PBXSourcesBuildPhase;
			buildActionMask = 2147483647;
			files = (
				05FE36922A87D47F00C2D901 /* SubtractionQuestionWidget.swift in Sources */,
				DE1D928329DD1FFD006A834B /* LivesView.swift in Sources */,
				058679352A8BC13500B96952 /* DonutView.swift in Sources */,
				DEFCED0729DE5D2900C06665 /* ScoreBoard.swift in Sources */,
				05FE36902A87D2A700C2D901 /* TeacherView.swift in Sources */,
				DECF5D2929C2D3DB004321EB /* SubtractionQuestionView.swift in Sources */,
				DECF5D2129C2D378004321EB /* textStyle.swift in Sources */,
				05FE368A2A87D20100C2D901 /* NavigationButton.swift in Sources */,
				DECF5D1F29C2D36B004321EB /* color.swift in Sources */,
				05E4B1112A8C7B500021CFB5 /* ExampleView.swift in Sources */,
				DECF5D1929C2D31A004321EB /* LaunchScreen.swift in Sources */,
				05E4B10F2A8C77A20021CFB5 /* AdditionStepView.swift in Sources */,
				DECF5D3129D1563A004321EB /* AdditionExplanationView.swift in Sources */,
				DE585DD729D6B49E007C966C /* WrongAnswer.swift in Sources */,
				DE585DD929D6B79A007C966C /* CorrectAnswer.swift in Sources */,
				05FE36942A87D84E00C2D901 /* SubtractionAnswerWidget.swift in Sources */,
				05FE368C2A87D23600C2D901 /* AdditionQuestionWidget.swift in Sources */,
				DE2626FE29D8BBB800646504 /* SoundViewModel.swift in Sources */,
				DECF5CE729C2D243004321EB /* TungTung.swift in Sources */,
				DE1D928529DD3C4A006A834B /* SubtractionExplanationView.swift in Sources */,
				05E4B10D2A8C758A0021CFB5 /* SubtractionStepView.swift in Sources */,
				DECF5D2629C2D3CB004321EB /* AdditionQuestionView.swift in Sources */,
				DECF5D1C29C2D329004321EB /* HomeView.swift in Sources */,
				05FE368E2A87D25E00C2D901 /* AdditionAnswerWidget.swift in Sources */,
				05FE36882A87C96000C2D901 /* MathViewModel.swift in Sources */,
				DECFE21A29D5D7D500AB1878 /* AnswerButton.swift in Sources */,
			);
			runOnlyForDeploymentPostprocessing = 0;
		};
		DECF5CEF29C2D244004321EB /* Sources */ = {
			isa = PBXSourcesBuildPhase;
			buildActionMask = 2147483647;
			files = (
				DECF5CF829C2D244004321EB /* TungTungTests.swift in Sources */,
			);
			runOnlyForDeploymentPostprocessing = 0;
		};
		DECF5CF929C2D244004321EB /* Sources */ = {
			isa = PBXSourcesBuildPhase;
			buildActionMask = 2147483647;
			files = (
				DECF5D0229C2D244004321EB /* TungTungUITests.swift in Sources */,
				DECF5D0429C2D244004321EB /* TungTungUITestsLaunchTests.swift in Sources */,
			);
			runOnlyForDeploymentPostprocessing = 0;
		};
/* End PBXSourcesBuildPhase section */

/* Begin PBXTargetDependency section */
		DECF5CF529C2D244004321EB /* PBXTargetDependency */ = {
			isa = PBXTargetDependency;
			target = DECF5CE229C2D243004321EB /* mcOne */;
			targetProxy = DECF5CF429C2D244004321EB /* PBXContainerItemProxy */;
		};
		DECF5CFF29C2D244004321EB /* PBXTargetDependency */ = {
			isa = PBXTargetDependency;
			target = DECF5CE229C2D243004321EB /* mcOne */;
			targetProxy = DECF5CFE29C2D244004321EB /* PBXContainerItemProxy */;
		};
/* End PBXTargetDependency section */

/* Begin XCBuildConfiguration section */
		DECF5D0529C2D244004321EB /* Debug */ = {
			isa = XCBuildConfiguration;
			buildSettings = {
				ALWAYS_SEARCH_USER_PATHS = NO;
				CLANG_ANALYZER_NONNULL = YES;
				CLANG_ANALYZER_NUMBER_OBJECT_CONVERSION = YES_AGGRESSIVE;
				CLANG_CXX_LANGUAGE_STANDARD = "gnu++20";
				CLANG_ENABLE_MODULES = YES;
				CLANG_ENABLE_OBJC_ARC = YES;
				CLANG_ENABLE_OBJC_WEAK = YES;
				CLANG_WARN_BLOCK_CAPTURE_AUTORELEASING = YES;
				CLANG_WARN_BOOL_CONVERSION = YES;
				CLANG_WARN_COMMA = YES;
				CLANG_WARN_CONSTANT_CONVERSION = YES;
				CLANG_WARN_DEPRECATED_OBJC_IMPLEMENTATIONS = YES;
				CLANG_WARN_DIRECT_OBJC_ISA_USAGE = YES_ERROR;
				CLANG_WARN_DOCUMENTATION_COMMENTS = YES;
				CLANG_WARN_EMPTY_BODY = YES;
				CLANG_WARN_ENUM_CONVERSION = YES;
				CLANG_WARN_INFINITE_RECURSION = YES;
				CLANG_WARN_INT_CONVERSION = YES;
				CLANG_WARN_NON_LITERAL_NULL_CONVERSION = YES;
				CLANG_WARN_OBJC_IMPLICIT_RETAIN_SELF = YES;
				CLANG_WARN_OBJC_LITERAL_CONVERSION = YES;
				CLANG_WARN_OBJC_ROOT_CLASS = YES_ERROR;
				CLANG_WARN_QUOTED_INCLUDE_IN_FRAMEWORK_HEADER = YES;
				CLANG_WARN_RANGE_LOOP_ANALYSIS = YES;
				CLANG_WARN_STRICT_PROTOTYPES = YES;
				CLANG_WARN_SUSPICIOUS_MOVE = YES;
				CLANG_WARN_UNGUARDED_AVAILABILITY = YES_AGGRESSIVE;
				CLANG_WARN_UNREACHABLE_CODE = YES;
				CLANG_WARN__DUPLICATE_METHOD_MATCH = YES;
				COPY_PHASE_STRIP = NO;
				DEBUG_INFORMATION_FORMAT = dwarf;
				ENABLE_STRICT_OBJC_MSGSEND = YES;
				ENABLE_TESTABILITY = YES;
				GCC_C_LANGUAGE_STANDARD = gnu11;
				GCC_DYNAMIC_NO_PIC = NO;
				GCC_NO_COMMON_BLOCKS = YES;
				GCC_OPTIMIZATION_LEVEL = 0;
				GCC_PREPROCESSOR_DEFINITIONS = (
					"DEBUG=1",
					"$(inherited)",
				);
				GCC_WARN_64_TO_32_BIT_CONVERSION = YES;
				GCC_WARN_ABOUT_RETURN_TYPE = YES_ERROR;
				GCC_WARN_UNDECLARED_SELECTOR = YES;
				GCC_WARN_UNINITIALIZED_AUTOS = YES_AGGRESSIVE;
				GCC_WARN_UNUSED_FUNCTION = YES;
				GCC_WARN_UNUSED_VARIABLE = YES;
				IPHONEOS_DEPLOYMENT_TARGET = 16.2;
				MTL_ENABLE_DEBUG_INFO = INCLUDE_SOURCE;
				MTL_FAST_MATH = YES;
				ONLY_ACTIVE_ARCH = YES;
				SDKROOT = iphoneos;
				SWIFT_ACTIVE_COMPILATION_CONDITIONS = DEBUG;
				SWIFT_OPTIMIZATION_LEVEL = "-Onone";
			};
			name = Debug;
		};
		DECF5D0629C2D244004321EB /* Release */ = {
			isa = XCBuildConfiguration;
			buildSettings = {
				ALWAYS_SEARCH_USER_PATHS = NO;
				CLANG_ANALYZER_NONNULL = YES;
				CLANG_ANALYZER_NUMBER_OBJECT_CONVERSION = YES_AGGRESSIVE;
				CLANG_CXX_LANGUAGE_STANDARD = "gnu++20";
				CLANG_ENABLE_MODULES = YES;
				CLANG_ENABLE_OBJC_ARC = YES;
				CLANG_ENABLE_OBJC_WEAK = YES;
				CLANG_WARN_BLOCK_CAPTURE_AUTORELEASING = YES;
				CLANG_WARN_BOOL_CONVERSION = YES;
				CLANG_WARN_COMMA = YES;
				CLANG_WARN_CONSTANT_CONVERSION = YES;
				CLANG_WARN_DEPRECATED_OBJC_IMPLEMENTATIONS = YES;
				CLANG_WARN_DIRECT_OBJC_ISA_USAGE = YES_ERROR;
				CLANG_WARN_DOCUMENTATION_COMMENTS = YES;
				CLANG_WARN_EMPTY_BODY = YES;
				CLANG_WARN_ENUM_CONVERSION = YES;
				CLANG_WARN_INFINITE_RECURSION = YES;
				CLANG_WARN_INT_CONVERSION = YES;
				CLANG_WARN_NON_LITERAL_NULL_CONVERSION = YES;
				CLANG_WARN_OBJC_IMPLICIT_RETAIN_SELF = YES;
				CLANG_WARN_OBJC_LITERAL_CONVERSION = YES;
				CLANG_WARN_OBJC_ROOT_CLASS = YES_ERROR;
				CLANG_WARN_QUOTED_INCLUDE_IN_FRAMEWORK_HEADER = YES;
				CLANG_WARN_RANGE_LOOP_ANALYSIS = YES;
				CLANG_WARN_STRICT_PROTOTYPES = YES;
				CLANG_WARN_SUSPICIOUS_MOVE = YES;
				CLANG_WARN_UNGUARDED_AVAILABILITY = YES_AGGRESSIVE;
				CLANG_WARN_UNREACHABLE_CODE = YES;
				CLANG_WARN__DUPLICATE_METHOD_MATCH = YES;
				COPY_PHASE_STRIP = NO;
				DEBUG_INFORMATION_FORMAT = "dwarf-with-dsym";
				ENABLE_NS_ASSERTIONS = NO;
				ENABLE_STRICT_OBJC_MSGSEND = YES;
				GCC_C_LANGUAGE_STANDARD = gnu11;
				GCC_NO_COMMON_BLOCKS = YES;
				GCC_WARN_64_TO_32_BIT_CONVERSION = YES;
				GCC_WARN_ABOUT_RETURN_TYPE = YES_ERROR;
				GCC_WARN_UNDECLARED_SELECTOR = YES;
				GCC_WARN_UNINITIALIZED_AUTOS = YES_AGGRESSIVE;
				GCC_WARN_UNUSED_FUNCTION = YES;
				GCC_WARN_UNUSED_VARIABLE = YES;
				IPHONEOS_DEPLOYMENT_TARGET = 16.2;
				MTL_ENABLE_DEBUG_INFO = NO;
				MTL_FAST_MATH = YES;
				SDKROOT = iphoneos;
				SWIFT_COMPILATION_MODE = wholemodule;
				SWIFT_OPTIMIZATION_LEVEL = "-O";
				VALIDATE_PRODUCT = YES;
			};
			name = Release;
		};
		DECF5D0829C2D244004321EB /* Debug */ = {
			isa = XCBuildConfiguration;
			buildSettings = {
				ASSETCATALOG_COMPILER_APPICON_NAME = AppIcon;
				ASSETCATALOG_COMPILER_GLOBAL_ACCENT_COLOR_NAME = AccentColor;
				CODE_SIGN_ENTITLEMENTS = mcOne/mcOne.entitlements;
				CODE_SIGN_IDENTITY = "Apple Development";
				CODE_SIGN_STYLE = Automatic;
				CURRENT_PROJECT_VERSION = 1;
				DEVELOPMENT_ASSET_PATHS = "\"mcOne/Preview Content\"";
				DEVELOPMENT_TEAM = 233M4MPW7G;
				ENABLE_PREVIEWS = YES;
				GENERATE_INFOPLIST_FILE = YES;
				INFOPLIST_FILE = mcOne/Info.plist;
				INFOPLIST_KEY_CFBundleDisplayName = "Tung-Tung";
				INFOPLIST_KEY_LSApplicationCategoryType = "public.app-category.games";
				INFOPLIST_KEY_UIApplicationSceneManifest_Generation = YES;
				INFOPLIST_KEY_UIApplicationSupportsIndirectInputEvents = YES;
				INFOPLIST_KEY_UILaunchScreen_Generation = YES;
				INFOPLIST_KEY_UISupportedInterfaceOrientations = UIInterfaceOrientationLandscapeRight;
				INFOPLIST_KEY_UISupportedInterfaceOrientations_iPad = "UIInterfaceOrientationLandscapeLeft UIInterfaceOrientationLandscapeRight UIInterfaceOrientationPortrait UIInterfaceOrientationPortraitUpsideDown";
				LD_RUNPATH_SEARCH_PATHS = (
					"$(inherited)",
					"@executable_path/Frameworks",
				);
				MARKETING_VERSION = 1.0;
				PRODUCT_BUNDLE_IDENTIFIER = com.ghani.tungtung;
				PRODUCT_NAME = "$(TARGET_NAME)";
				PROVISIONING_PROFILE_SPECIFIER = "";
				SUPPORTED_PLATFORMS = "iphoneos iphonesimulator";
				SUPPORTS_MACCATALYST = NO;
				SUPPORTS_MAC_DESIGNED_FOR_IPHONE_IPAD = NO;
				SWIFT_EMIT_LOC_STRINGS = YES;
				SWIFT_VERSION = 5.0;
				TARGETED_DEVICE_FAMILY = 1;
			};
			name = Debug;
		};
		DECF5D0929C2D244004321EB /* Release */ = {
			isa = XCBuildConfiguration;
			buildSettings = {
				ASSETCATALOG_COMPILER_APPICON_NAME = AppIcon;
				ASSETCATALOG_COMPILER_GLOBAL_ACCENT_COLOR_NAME = AccentColor;
				CODE_SIGN_ENTITLEMENTS = mcOne/mcOne.entitlements;
				CODE_SIGN_IDENTITY = "Apple Development";
				CODE_SIGN_STYLE = Automatic;
				CURRENT_PROJECT_VERSION = 1;
				DEVELOPMENT_ASSET_PATHS = "\"mcOne/Preview Content\"";
				DEVELOPMENT_TEAM = 233M4MPW7G;
				ENABLE_PREVIEWS = YES;
				GENERATE_INFOPLIST_FILE = YES;
				INFOPLIST_FILE = mcOne/Info.plist;
				INFOPLIST_KEY_CFBundleDisplayName = "Tung-Tung";
				INFOPLIST_KEY_LSApplicationCategoryType = "public.app-category.games";
				INFOPLIST_KEY_UIApplicationSceneManifest_Generation = YES;
				INFOPLIST_KEY_UIApplicationSupportsIndirectInputEvents = YES;
				INFOPLIST_KEY_UILaunchScreen_Generation = YES;
				INFOPLIST_KEY_UISupportedInterfaceOrientations = UIInterfaceOrientationLandscapeRight;
				INFOPLIST_KEY_UISupportedInterfaceOrientations_iPad = "UIInterfaceOrientationLandscapeLeft UIInterfaceOrientationLandscapeRight UIInterfaceOrientationPortrait UIInterfaceOrientationPortraitUpsideDown";
				LD_RUNPATH_SEARCH_PATHS = (
					"$(inherited)",
					"@executable_path/Frameworks",
				);
				MARKETING_VERSION = 1.0;
				PRODUCT_BUNDLE_IDENTIFIER = com.ghani.tungtung;
				PRODUCT_NAME = "$(TARGET_NAME)";
				PROVISIONING_PROFILE_SPECIFIER = "";
				SUPPORTED_PLATFORMS = "iphoneos iphonesimulator";
				SUPPORTS_MACCATALYST = NO;
				SUPPORTS_MAC_DESIGNED_FOR_IPHONE_IPAD = NO;
				SWIFT_EMIT_LOC_STRINGS = YES;
				SWIFT_VERSION = 5.0;
				TARGETED_DEVICE_FAMILY = 1;
			};
			name = Release;
		};
		DECF5D0B29C2D244004321EB /* Debug */ = {
			isa = XCBuildConfiguration;
			buildSettings = {
				ALWAYS_EMBED_SWIFT_STANDARD_LIBRARIES = YES;
				BUNDLE_LOADER = "$(TEST_HOST)";
				CODE_SIGN_STYLE = Automatic;
				CURRENT_PROJECT_VERSION = 1;
				DEVELOPMENT_TEAM = PHLTY62QB3;
				GENERATE_INFOPLIST_FILE = YES;
				IPHONEOS_DEPLOYMENT_TARGET = 16.2;
				MARKETING_VERSION = 1.0;
				PRODUCT_BUNDLE_IDENTIFIER = com.luthfiasmaraaa.mcOneTests;
				PRODUCT_NAME = "$(TARGET_NAME)";
				SWIFT_EMIT_LOC_STRINGS = NO;
				SWIFT_VERSION = 5.0;
				TARGETED_DEVICE_FAMILY = "1,2";
				TEST_HOST = "$(BUILT_PRODUCTS_DIR)/mcOne.app/$(BUNDLE_EXECUTABLE_FOLDER_PATH)/mcOne";
			};
			name = Debug;
		};
		DECF5D0C29C2D244004321EB /* Release */ = {
			isa = XCBuildConfiguration;
			buildSettings = {
				ALWAYS_EMBED_SWIFT_STANDARD_LIBRARIES = YES;
				BUNDLE_LOADER = "$(TEST_HOST)";
				CODE_SIGN_STYLE = Automatic;
				CURRENT_PROJECT_VERSION = 1;
				DEVELOPMENT_TEAM = PHLTY62QB3;
				GENERATE_INFOPLIST_FILE = YES;
				IPHONEOS_DEPLOYMENT_TARGET = 16.2;
				MARKETING_VERSION = 1.0;
				PRODUCT_BUNDLE_IDENTIFIER = com.luthfiasmaraaa.mcOneTests;
				PRODUCT_NAME = "$(TARGET_NAME)";
				SWIFT_EMIT_LOC_STRINGS = NO;
				SWIFT_VERSION = 5.0;
				TARGETED_DEVICE_FAMILY = "1,2";
				TEST_HOST = "$(BUILT_PRODUCTS_DIR)/mcOne.app/$(BUNDLE_EXECUTABLE_FOLDER_PATH)/mcOne";
			};
			name = Release;
		};
		DECF5D0E29C2D244004321EB /* Debug */ = {
			isa = XCBuildConfiguration;
			buildSettings = {
				ALWAYS_EMBED_SWIFT_STANDARD_LIBRARIES = YES;
				CODE_SIGN_STYLE = Automatic;
				CURRENT_PROJECT_VERSION = 1;
				DEVELOPMENT_TEAM = PHLTY62QB3;
				GENERATE_INFOPLIST_FILE = YES;
				MARKETING_VERSION = 1.0;
				PRODUCT_BUNDLE_IDENTIFIER = com.luthfiasmaraaa.mcOneUITests;
				PRODUCT_NAME = "$(TARGET_NAME)";
				SWIFT_EMIT_LOC_STRINGS = NO;
				SWIFT_VERSION = 5.0;
				TARGETED_DEVICE_FAMILY = "1,2";
				TEST_TARGET_NAME = mcOne;
			};
			name = Debug;
		};
		DECF5D0F29C2D244004321EB /* Release */ = {
			isa = XCBuildConfiguration;
			buildSettings = {
				ALWAYS_EMBED_SWIFT_STANDARD_LIBRARIES = YES;
				CODE_SIGN_STYLE = Automatic;
				CURRENT_PROJECT_VERSION = 1;
				DEVELOPMENT_TEAM = PHLTY62QB3;
				GENERATE_INFOPLIST_FILE = YES;
				MARKETING_VERSION = 1.0;
				PRODUCT_BUNDLE_IDENTIFIER = com.luthfiasmaraaa.mcOneUITests;
				PRODUCT_NAME = "$(TARGET_NAME)";
				SWIFT_EMIT_LOC_STRINGS = NO;
				SWIFT_VERSION = 5.0;
				TARGETED_DEVICE_FAMILY = "1,2";
				TEST_TARGET_NAME = mcOne;
			};
			name = Release;
		};
/* End XCBuildConfiguration section */

/* Begin XCConfigurationList section */
		DECF5CDE29C2D243004321EB /* Build configuration list for PBXProject "mcOne" */ = {
			isa = XCConfigurationList;
			buildConfigurations = (
				DECF5D0529C2D244004321EB /* Debug */,
				DECF5D0629C2D244004321EB /* Release */,
			);
			defaultConfigurationIsVisible = 0;
			defaultConfigurationName = Release;
		};
		DECF5D0729C2D244004321EB /* Build configuration list for PBXNativeTarget "mcOne" */ = {
			isa = XCConfigurationList;
			buildConfigurations = (
				DECF5D0829C2D244004321EB /* Debug */,
				DECF5D0929C2D244004321EB /* Release */,
			);
			defaultConfigurationIsVisible = 0;
			defaultConfigurationName = Release;
		};
		DECF5D0A29C2D244004321EB /* Build configuration list for PBXNativeTarget "mcOneTests" */ = {
			isa = XCConfigurationList;
			buildConfigurations = (
				DECF5D0B29C2D244004321EB /* Debug */,
				DECF5D0C29C2D244004321EB /* Release */,
			);
			defaultConfigurationIsVisible = 0;
			defaultConfigurationName = Release;
		};
		DECF5D0D29C2D244004321EB /* Build configuration list for PBXNativeTarget "mcOneUITests" */ = {
			isa = XCConfigurationList;
			buildConfigurations = (
				DECF5D0E29C2D244004321EB /* Debug */,
				DECF5D0F29C2D244004321EB /* Release */,
			);
			defaultConfigurationIsVisible = 0;
			defaultConfigurationName = Release;
		};
/* End XCConfigurationList section */
	};
	rootObject = DECF5CDB29C2D243004321EB /* Project object */;
}
